{
  "name": "playground",
  "version": "1.0.0",
  "lockfileVersion": 3,
  "requires": true,
  "packages": {
    "": {
      "name": "playground",
      "version": "1.0.0",
      "license": "ISC",
      "dependencies": {
        "dot-cms": "file:.."
      }
    },
    "..": {
      "version": "1.0.0",
      "license": "ISC",
      "dependencies": {
        "aigle": "1.14.1",
        "axios": "1.4.0",
        "form-data": "^4.0.0",
        "glob": "9.3.2",
        "lodash": "4.17.21",
        "lodash-es": "4.17.21",
        "node-fetch": "3.3.1"
      },
      "devDependencies": {
        "@types/node": "^20.5.0",
        "typescript": "^5.1.6"
      }
    },
    "node_modules/dot-cms": {
      "resolved": "..",
      "link": true
    }
  }
}
